
Microsoft Visual Studio Solution File, Format Version 12.00
# Visual Studio 15
VisualStudioVersion = 15.0.26430.12
MinimumVisualStudioVersion = 10.0.40219.1
Project("{FAE04EC0-301F-11D3-BF4B-00C04F79EFBC}") = "NorthWind.WebApi", "NorthWind.WebApi\NorthWind.WebApi.csproj", "{FEADC09E-FCF4-4573-95C4-6642AB976E6E}"
EndProject
Project("{2150E333-8FDC-42A3-9474-1A3956D46DE8}") = "1. WebApi", "1. WebApi", "{7F70E3CA-8957-4472-9417-12C3C223E561}"
EndProject
Project("{2150E333-8FDC-42A3-9474-1A3956D46DE8}") = "2. Domain", "2. Domain", "{A95BDFC1-F986-4EE6-BE88-9AAD5D1C9696}"
EndProject
Project("{FAE04EC0-301F-11D3-BF4B-00C04F79EFBC}") = "NorthWind.Shared", "NorthWind.Shared\NorthWind.Shared.csproj", "{A065A7C1-05FB-41CD-9350-D453E870CE97}"
EndProject
Project("{2150E333-8FDC-42A3-9474-1A3956D46DE8}") = "3. Infrastructure", "3. Infrastructure", "{D1E1326C-373D-4555-82DB-EE3460529189}"
EndProject
Project("{FAE04EC0-301F-11D3-BF4B-00C04F79EFBC}") = "NorthWind.Infrastructure", "NorthWind.Infrastructure\NorthWind.Infrastructure.csproj", "{04E65580-0D46-4148-BE19-AFD8944866BE}"
EndProject
Project("{FAE04EC0-301F-11D3-BF4B-00C04F79EFBC}") = "NorthWind.Domain", "NorthWind.Domain\NorthWind.Domain.csproj", "{2885BBF0-03B5-4186-8175-2ECE217AD0D4}"
EndProject
Global
	GlobalSection(SolutionConfigurationPlatforms) = preSolution
		Debug|Any CPU = Debug|Any CPU
		Release|Any CPU = Release|Any CPU
	EndGlobalSection
	GlobalSection(ProjectConfigurationPlatforms) = postSolution
		{FEADC09E-FCF4-4573-95C4-6642AB976E6E}.Debug|Any CPU.ActiveCfg = Debug|Any CPU
		{FEADC09E-FCF4-4573-95C4-6642AB976E6E}.Debug|Any CPU.Build.0 = Debug|Any CPU
		{FEADC09E-FCF4-4573-95C4-6642AB976E6E}.Release|Any CPU.ActiveCfg = Release|Any CPU
		{FEADC09E-FCF4-4573-95C4-6642AB976E6E}.Release|Any CPU.Build.0 = Release|Any CPU
		{A065A7C1-05FB-41CD-9350-D453E870CE97}.Debug|Any CPU.ActiveCfg = Debug|Any CPU
		{A065A7C1-05FB-41CD-9350-D453E870CE97}.Debug|Any CPU.Build.0 = Debug|Any CPU
		{A065A7C1-05FB-41CD-9350-D453E870CE97}.Release|Any CPU.ActiveCfg = Release|Any CPU
		{A065A7C1-05FB-41CD-9350-D453E870CE97}.Release|Any CPU.Build.0 = Release|Any CPU
		{04E65580-0D46-4148-BE19-AFD8944866BE}.Debug|Any CPU.ActiveCfg = Debug|Any CPU
		{04E65580-0D46-4148-BE19-AFD8944866BE}.Debug|Any CPU.Build.0 = Debug|Any CPU
		{04E65580-0D46-4148-BE19-AFD8944866BE}.Release|Any CPU.ActiveCfg = Release|Any CPU
		{04E65580-0D46-4148-BE19-AFD8944866BE}.Release|Any CPU.Build.0 = Release|Any CPU
		{2885BBF0-03B5-4186-8175-2ECE217AD0D4}.Debug|Any CPU.ActiveCfg = Debug|Any CPU
		{2885BBF0-03B5-4186-8175-2ECE217AD0D4}.Debug|Any CPU.Build.0 = Debug|Any CPU
		{2885BBF0-03B5-4186-8175-2ECE217AD0D4}.Release|Any CPU.ActiveCfg = Release|Any CPU
		{2885BBF0-03B5-4186-8175-2ECE217AD0D4}.Release|Any CPU.Build.0 = Release|Any CPU
	EndGlobalSection
	GlobalSection(SolutionProperties) = preSolution
		HideSolutionNode = FALSE
	EndGlobalSection
	GlobalSection(NestedProjects) = preSolution
		{FEADC09E-FCF4-4573-95C4-6642AB976E6E} = {7F70E3CA-8957-4472-9417-12C3C223E561}
		{A065A7C1-05FB-41CD-9350-D453E870CE97} = {A95BDFC1-F986-4EE6-BE88-9AAD5D1C9696}
		{04E65580-0D46-4148-BE19-AFD8944866BE} = {D1E1326C-373D-4555-82DB-EE3460529189}
		{2885BBF0-03B5-4186-8175-2ECE217AD0D4} = {A95BDFC1-F986-4EE6-BE88-9AAD5D1C9696}
	EndGlobalSection
EndGlobal
